<?xml version="1.0" encoding="utf-8"?>
<Project ToolsVersion="4.0" xmlns="http://schemas.microsoft.com/developer/msbuild/2003">
  <ItemGroup>
    <Filter Include="Application">
      <UniqueIdentifier>{0ea02c0f-a7a2-4211-b445-c98afb96943f}</UniqueIdentifier>
    </Filter>
    <Filter Include="Transporter">
      <UniqueIdentifier>{52fb28a4-9237-44a3-b3e8-36cdc8a5ac93}</UniqueIdentifier>
    </Filter>
    <Filter Include="Cleaner">
      <UniqueIdentifier>{4b3d0c9b-7b21-4ff8-a760-b22ba061095a}</UniqueIdentifier>
    </Filter>
    <Filter Include="Objects">
      <UniqueIdentifier>{ffe7e126-64f1-4170-9fcb-aaaaf0b93e76}</UniqueIdentifier>
    </Filter>
    <Filter Include="Views">
      <UniqueIdentifier>{2613066a-7acc-4851-9fe5-000518fd2305}</UniqueIdentifier>
    </Filter>
    <Filter Include="Slicer">
      <UniqueIdentifier>{ac5c580c-d020-4e75-92d9-1e29feb9c732}</UniqueIdentifier>
    </Filter>
    <Filter Include="main">
      <UniqueIdentifier>{84a8ebd7-7cf0-47f6-b75e-d441df67da40}</UniqueIdentifier>
    </Filter>
    <Filter Include="Components">
      <UniqueIdentifier>{e2e53ad3-f775-4cfc-b416-d7c1156dfb7b}</UniqueIdentifier>
    </Filter>
    <Filter Include="Scenes">
      <UniqueIdentifier>{bd7e41c2-e0c2-4f85-a0d0-aa85958b61ab}</UniqueIdentifier>
    </Filter>
    <Filter Include="main\crypto">
      <UniqueIdentifier>{ccefaa8f-b4b1-46cc-a68a-374d37624395}</UniqueIdentifier>
    </Filter>
    <Filter Include="Transporter\Patterns">
      <UniqueIdentifier>{eb2c8ee4-17a7-498b-a5be-2995ed942fd0}</UniqueIdentifier>
    </Filter>
  </ItemGroup>
  <ItemGroup>
    <ClCompile Include="main.cpp">
      <Filter>main</Filter>
    </ClCompile>
    <ClCompile Include="..\source\Cleaner\Kit.cpp">
      <Filter>Cleaner</Filter>
    </ClCompile>
    <ClCompile Include="..\source\Objects\Figure.cpp">
      <Filter>Objects</Filter>
    </ClCompile>
    <ClCompile Include="..\source\Slicer\Kit.cpp">
      <Filter>Slicer</Filter>
    </ClCompile>
    <ClCompile Include="..\source\Transporter\Architector.cpp">
      <Filter>Transporter</Filter>
    </ClCompile>
    <ClCompile Include="..\source\Transporter\Kit.cpp">
      <Filter>Transporter</Filter>
    </ClCompile>
    <ClCompile Include="..\source\Views\Figure.cpp">
      <Filter>Views</Filter>
    </ClCompile>
    <ClCompile Include="..\source\Components\Metric.cpp">
      <Filter>Components</Filter>
    </ClCompile>
    <ClCompile Include="..\source\Scenes\Act.cpp">
      <Filter>Scenes</Filter>
    </ClCompile>
    <ClCompile Include="..\source\Scenes\Over.cpp">
      <Filter>Scenes</Filter>
    </ClCompile>
    <ClCompile Include="..\crypto\aes_modes.c">
      <Filter>main\crypto</Filter>
    </ClCompile>
    <ClCompile Include="..\crypto\aes_ni.c">
      <Filter>main\crypto</Filter>
    </ClCompile>
    <ClCompile Include="..\crypto\aescrypt.c">
      <Filter>main\crypto</Filter>
    </ClCompile>
    <ClCompile Include="..\crypto\aeskey.c">
      <Filter>main\crypto</Filter>
    </ClCompile>
    <ClCompile Include="..\crypto\aestab.c">
      <Filter>main\crypto</Filter>
    </ClCompile>
    <ClCompile Include="..\source\Objects\Edge.cpp">
      <Filter>Objects</Filter>
    </ClCompile>
    <ClCompile Include="..\source\Objects\Hammer.cpp">
      <Filter>Objects</Filter>
    </ClCompile>
    <ClCompile Include="..\source\Views\Edge.cpp">
      <Filter>Views</Filter>
    </ClCompile>
    <ClCompile Include="..\source\Views\Hammer.cpp">
      <Filter>Views</Filter>
    </ClCompile>
    <ClCompile Include="..\source\Views\Anvil.cpp">
      <Filter>Views</Filter>
    </ClCompile>
    <ClCompile Include="..\source\Objects\Anvil.cpp">
      <Filter>Objects</Filter>
    </ClCompile>
    <ClCompile Include="..\source\Objects\Over.cpp">
      <Filter>Objects</Filter>
    </ClCompile>
    <ClCompile Include="..\source\Views\Over.cpp">
      <Filter>Views</Filter>
    </ClCompile>
    <ClCompile Include="..\source\Views\Platform.cpp">
      <Filter>Views</Filter>
    </ClCompile>
    <ClCompile Include="..\source\Objects\Platform.cpp">
      <Filter>Objects</Filter>
    </ClCompile>
    <ClCompile Include="..\source\Transporter\Pattern.cpp">
      <Filter>Transporter</Filter>
    </ClCompile>
    <ClCompile Include="..\source\Transporter\Patterns\Triangle.cpp">
      <Filter>Transporter\Patterns</Filter>
    </ClCompile>
    <ClCompile Include="..\source\Transporter\Patterns\Pentagon.cpp">
      <Filter>Transporter\Patterns</Filter>
    </ClCompile>
    <ClCompile Include="..\source\Transporter\Patterns\Octagon.cpp">
      <Filter>Transporter\Patterns</Filter>
    </ClCompile>
    <ClCompile Include="..\source\Transporter\Patterns\Quadrangle.cpp">
      <Filter>Transporter\Patterns</Filter>
    </ClCompile>
    <ClCompile Include="..\source\Master.cpp">
      <Filter>main</Filter>
    </ClCompile>
    <ClCompile Include="..\source\Components\Storage.cpp">
      <Filter>Components</Filter>
    </ClCompile>
    <ClCompile Include="..\source\Components\Setting.cpp">
      <Filter>Components</Filter>
    </ClCompile>
    <ClCompile Include="..\source\Components\Statistic.cpp">
      <Filter>Components</Filter>
    </ClCompile>
    <ClCompile Include="..\source\Components\Resource.cpp">
      <Filter>Components</Filter>
    </ClCompile>
    <ClCompile Include="..\source\Components\Texture.cpp">
      <Filter>Components</Filter>
    </ClCompile>
    <ClCompile Include="..\source\Components\Crypto.cpp">
      <Filter>Components</Filter>
    </ClCompile>
    <ClCompile Include="..\source\Components\Body.cpp">
      <Filter>Components</Filter>
    </ClCompile>
    <ClCompile Include="..\source\Components\Audio.cpp">
      <Filter>Components</Filter>
    </ClCompile>
  </ItemGroup>
  <ItemGroup>
    <ClInclude Include="main.hpp">
      <Filter>main</Filter>
    </ClInclude>
    <ClInclude Include="..\source\Application\Object.hpp">
      <Filter>Application</Filter>
    </ClInclude>
    <ClInclude Include="..\source\Application\View.hpp">
      <Filter>Application</Filter>
    </ClInclude>
    <ClInclude Include="..\source\Application\Wrapper.hpp">
      <Filter>Application</Filter>
    </ClInclude>
    <ClInclude Include="..\source\Application\Kit.hpp">
      <Filter>Application</Filter>
    </ClInclude>
    <ClInclude Include="..\source\Cleaner\Kit.hpp">
      <Filter>Cleaner</Filter>
    </ClInclude>
    <ClInclude Include="..\source\Objects\Figure.hpp">
      <Filter>Objects</Filter>
    </ClInclude>
    <ClInclude Include="..\source\Slicer\Kit.hpp">
      <Filter>Slicer</Filter>
    </ClInclude>
    <ClInclude Include="..\source\Transporter\Architector.hpp">
      <Filter>Transporter</Filter>
    </ClInclude>
    <ClInclude Include="..\source\Transporter\Kit.hpp">
      <Filter>Transporter</Filter>
    </ClInclude>
    <ClInclude Include="..\source\Views\Figure.hpp">
      <Filter>Views</Filter>
    </ClInclude>
    <ClInclude Include="..\source\include.hpp">
      <Filter>main</Filter>
    </ClInclude>
    <ClInclude Include="..\source\Components\Metric.hpp">
      <Filter>Components</Filter>
    </ClInclude>
    <ClInclude Include="..\source\Scenes\Act.hpp">
      <Filter>Scenes</Filter>
    </ClInclude>
    <ClInclude Include="..\source\Scenes\Over.hpp">
      <Filter>Scenes</Filter>
    </ClInclude>
    <ClInclude Include="..\source\Objects\Edge.hpp">
      <Filter>Objects</Filter>
    </ClInclude>
    <ClInclude Include="..\source\Objects\Hammer.hpp">
      <Filter>Objects</Filter>
    </ClInclude>
    <ClInclude Include="..\source\Views\Edge.hpp">
      <Filter>Views</Filter>
    </ClInclude>
    <ClInclude Include="..\source\Views\Hammer.hpp">
      <Filter>Views</Filter>
    </ClInclude>
    <ClInclude Include="..\source\Views\Anvil.hpp">
      <Filter>Views</Filter>
    </ClInclude>
    <ClInclude Include="..\source\Objects\Anvil.hpp">
      <Filter>Objects</Filter>
    </ClInclude>
    <ClInclude Include="..\source\Objects\Over.hpp">
      <Filter>Objects</Filter>
    </ClInclude>
    <ClInclude Include="..\source\Views\Over.hpp">
      <Filter>Views</Filter>
    </ClInclude>
    <ClInclude Include="..\source\Views\Platform.hpp">
      <Filter>Views</Filter>
    </ClInclude>
    <ClInclude Include="..\source\Objects\Platform.hpp">
      <Filter>Objects</Filter>
    </ClInclude>
    <ClInclude Include="..\source\Transporter\Pattern.hpp">
      <Filter>Transporter</Filter>
    </ClInclude>
    <ClInclude Include="..\source\Transporter\Patterns\Triangle.hpp">
      <Filter>Transporter\Patterns</Filter>
    </ClInclude>
    <ClInclude Include="..\source\Transporter\Patterns\Octagon.hpp">
      <Filter>Transporter\Patterns</Filter>
    </ClInclude>
    <ClInclude Include="..\source\Transporter\Patterns\Pentagon.hpp">
      <Filter>Transporter\Patterns</Filter>
    </ClInclude>
    <ClInclude Include="..\source\Transporter\Patterns\Quadrangle.hpp">
      <Filter>Transporter\Patterns</Filter>
    </ClInclude>
    <ClInclude Include="..\source\Master.hpp">
      <Filter>main</Filter>
    </ClInclude>
    <ClInclude Include="..\source\Application\Component.hpp">
      <Filter>Application</Filter>
    </ClInclude>
    <ClInclude Include="..\source\Components\Storage.hpp">
      <Filter>Components</Filter>
    </ClInclude>
    <ClInclude Include="..\source\Components\Setting.hpp">
      <Filter>Components</Filter>
    </ClInclude>
    <ClInclude Include="..\source\Components\Statistic.hpp">
      <Filter>Components</Filter>
    </ClInclude>
    <ClInclude Include="..\source\Components\Resource.hpp">
      <Filter>Components</Filter>
    </ClInclude>
    <ClInclude Include="..\source\Components\Texture.hpp">
      <Filter>Components</Filter>
    </ClInclude>
    <ClInclude Include="..\source\Components\Crypto.hpp">
      <Filter>Components</Filter>
    </ClInclude>
    <ClInclude Include="..\source\Components\Body.hpp">
      <Filter>Components</Filter>
    </ClInclude>
    <ClInclude Include="..\source\Components\Audio.hpp">
      <Filter>Components</Filter>
    </ClInclude>
  </ItemGroup>
</Project>